
Microsoft Visual Studio Solution File, Format Version 12.00
# Visual Studio Version 16
VisualStudioVersion = 16.0.29123.88
MinimumVisualStudioVersion = 10.0.40219.1
Project("{FAE04EC0-301F-11D3-BF4B-00C04F79EFBC}") = "AttendanceSystem", "AttendanceSystem.csproj", "{C19B60F6-271C-42A4-BED8-9BDC9B35900C}"
EndProject
Global
	GlobalSection(SolutionConfigurationPlatforms) = preSolution
		Debug|Any CPU = Debug|Any CPU
		Release|Any CPU = Release|Any CPU
	EndGlobalSection
	GlobalSection(ProjectConfigurationPlatforms) = postSolution
		{C19B60F6-271C-42A4-BED8-9BDC9B35900C}.Debug|Any CPU.ActiveCfg = Debug|Any CPU
		{C19B60F6-271C-42A4-BED8-9BDC9B35900C}.Debug|Any CPU.Build.0 = Debug|Any CPU
		{C19B60F6-271C-42A4-BED8-9BDC9B35900C}.Release|Any CPU.ActiveCfg = Release|Any CPU
		{C19B60F6-271C-42A4-BED8-9BDC9B35900C}.Release|Any CPU.Build.0 = Release|Any CPU
	EndGlobalSection
	GlobalSection(SolutionProperties) = preSolution
		HideSolutionNode = FALSE
	EndGlobalSection
	GlobalSection(ExtensibilityGlobals) = postSolution
		SolutionGuid = {4BB68C8B-764A-40F7-87A9-76F568DBC53D}
	EndGlobalSection
EndGlobal
